version = 1
revision = 2
requires-python = ">=3.10"

[[package]]
name = "amqp"
version = "5.3.1"
source = { registry = "https://pypi.org/simple" }
dependencies = [
    { name = "vine" },
]
sdist = { url = "https://files.pythonhosted.org/packages/79/fc/ec94a357dfc6683d8c86f8b4cfa5416a4c36b28052ec8260c77aca96a443/amqp-5.3.1.tar.gz", hash = "sha256:cddc00c725449522023bad949f70fff7b48f0b1ade74d170a6f10ab044739432", size = 129013, upload-time = "2024-11-12T19:55:44.051Z" }
wheels = [
    { url = "https://files.pythonhosted.org/packages/26/99/fc813cd978842c26c82534010ea849eee9ab3a13ea2b74e95cb9c99e747b/amqp-5.3.1-py3-none-any.whl", hash = "sha256:43b3319e1b4e7d1251833a93d672b4af1e40f3d632d479b98661a95f117880a2", size = 50944, upload-time = "2024-11-12T19:55:41.782Z" },
]

[[package]]
name = "asgiref"
version = "3.6.0"
source = { registry = "https://pypi.org/simple" }
sdist = { url = "https://files.pythonhosted.org/packages/78/2d/797c0537426266d6c9377a2ed6a4ac61e50c2d5b1ab4da101a4b9bfe26e2/asgiref-3.6.0.tar.gz", hash = "sha256:9567dfe7bd8d3c8c892227827c41cce860b368104c3431da67a0c5a65a949506", size = 32748, upload-time = "2022-12-20T09:06:51.58Z" }
wheels = [
    { url = "https://files.pythonhosted.org/packages/8f/29/38d10a47b322a77b2d12c2b79c789f52956f733cb701d4d5157c76b5f238/asgiref-3.6.0-py3-none-any.whl", hash = "sha256:71e68008da809b957b7ee4b43dbccff33d1b23519fb8344e33f049897077afac", size = 23105, upload-time = "2022-12-20T09:06:49.899Z" },
]

[[package]]
name = "backend"
version = "0.1.0"
source = { virtual = "." }
dependencies = [
    { name = "asgiref" },
    { name = "celery" },
    { name = "django" },
    { name = "django-cors-headers" },
    { name = "djangorestframework" },
    { name = "djangorestframework-simplejwt" },
    { name = "mysqlclient" },
    { name = "pillow" },
]

[package.metadata]
requires-dist = [
    { name = "asgiref", specifier = "==3.6.0" },
    { name = "celery", specifier = "==5.3.0" },
    { name = "django", specifier = "==4.2" },
    { name = "django-cors-headers", specifier = "==3.14.0" },
    { name = "djangorestframework", specifier = "==3.14.0" },
    { name = "djangorestframework-simplejwt", specifier = ">=5.5.0" },
    { name = "mysqlclient", specifier = "==2.1.1" },
    { name = "pillow", specifier = "==10.0.0" },
]

[[package]]
name = "billiard"
version = "4.2.1"
source = { registry = "https://pypi.org/simple" }
sdist = { url = "https://files.pythonhosted.org/packages/7c/58/1546c970afcd2a2428b1bfafecf2371d8951cc34b46701bea73f4280989e/billiard-4.2.1.tar.gz", hash = "sha256:12b641b0c539073fc8d3f5b8b7be998956665c4233c7c1fcd66a7e677c4fb36f", size = 155031, upload-time = "2024-09-21T13:40:22.491Z" }
wheels = [
    { url = "https://files.pythonhosted.org/packages/30/da/43b15f28fe5f9e027b41c539abc5469052e9d48fd75f8ff094ba2a0ae767/billiard-4.2.1-py3-none-any.whl", hash = "sha256:40b59a4ac8806ba2c2369ea98d876bc6108b051c227baffd928c644d15d8f3cb", size = 86766, upload-time = "2024-09-21T13:40:20.188Z" },
]

[[package]]
name = "celery"
version = "5.3.0"
source = { registry = "https://pypi.org/simple" }
dependencies = [
    { name = "billiard" },
    { name = "click" },
    { name = "click-didyoumean" },
    { name = "click-plugins" },
    { name = "click-repl" },
    { name = "kombu" },
    { name = "python-dateutil" },
    { name = "tzdata" },
    { name = "vine" },
]
sdist = { url = "https://files.pythonhosted.org/packages/6b/4c/b06523d8ab2d6d9a812e3b9dd5a8a3b01d7590da842da4c4a9d9af7c2df3/celery-5.3.0.tar.gz", hash = "sha256:1eaba5ee14d8c8c0bed8f6063e5e10dabdbcf23503a861cf0e10b7221d99cb0d", size = 1534157, upload-time = "2023-06-06T06:03:23.353Z" }
wheels = [
    { url = "https://files.pythonhosted.org/packages/b8/b1/fb24a605e7f2fe654bb0b63985bb0c95b1bb5d5ffbfaf46134c92eb93f61/celery-5.3.0-py3-none-any.whl", hash = "sha256:95d29f9a93f41c4b122fddf1fe3ef13f872029dca4ad1f9af4f1a414442ceecf", size = 420273, upload-time = "2023-06-06T06:03:09.256Z" },
]

[[package]]
name = "click"
version = "8.2.0"
source = { registry = "https://pypi.org/simple" }
dependencies = [
    { name = "colorama", marker = "sys_platform == 'win32'" },
]
sdist = { url = "https://files.pythonhosted.org/packages/cd/0f/62ca20172d4f87d93cf89665fbaedcd560ac48b465bd1d92bfc7ea6b0a41/click-8.2.0.tar.gz", hash = "sha256:f5452aeddd9988eefa20f90f05ab66f17fce1ee2a36907fd30b05bbb5953814d", size = 235857, upload-time = "2025-05-10T22:21:03.111Z" }
wheels = [
    { url = "https://files.pythonhosted.org/packages/a2/58/1f37bf81e3c689cc74ffa42102fa8915b59085f54a6e4a80bc6265c0f6bf/click-8.2.0-py3-none-any.whl", hash = "sha256:6b303f0b2aa85f1cb4e5303078fadcbcd4e476f114fab9b5007005711839325c", size = 102156, upload-time = "2025-05-10T22:21:01.352Z" },
]

[[package]]
name = "click-didyoumean"
version = "0.3.1"
source = { registry = "https://pypi.org/simple" }
dependencies = [
    { name = "click" },
]
sdist = { url = "https://files.pythonhosted.org/packages/30/ce/217289b77c590ea1e7c24242d9ddd6e249e52c795ff10fac2c50062c48cb/click_didyoumean-0.3.1.tar.gz", hash = "sha256:4f82fdff0dbe64ef8ab2279bd6aa3f6a99c3b28c05aa09cbfc07c9d7fbb5a463", size = 3089, upload-time = "2024-03-24T08:22:07.499Z" }
wheels = [
    { url = "https://files.pythonhosted.org/packages/1b/5b/974430b5ffdb7a4f1941d13d83c64a0395114503cc357c6b9ae4ce5047ed/click_didyoumean-0.3.1-py3-none-any.whl", hash = "sha256:5c4bb6007cfea5f2fd6583a2fb6701a22a41eb98957e63d0fac41c10e7c3117c", size = 3631, upload-time = "2024-03-24T08:22:06.356Z" },
]

[[package]]
name = "click-plugins"
version = "1.1.1"
source = { registry = "https://pypi.org/simple" }
dependencies = [
    { name = "click" },
]
sdist = { url = "https://files.pythonhosted.org/packages/5f/1d/45434f64ed749540af821fd7e42b8e4d23ac04b1eda7c26613288d6cd8a8/click-plugins-1.1.1.tar.gz", hash = "sha256:46ab999744a9d831159c3411bb0c79346d94a444df9a3a3742e9ed63645f264b", size = 8164, upload-time = "2019-04-04T04:27:04.82Z" }
wheels = [
    { url = "https://files.pythonhosted.org/packages/e9/da/824b92d9942f4e472702488857914bdd50f73021efea15b4cad9aca8ecef/click_plugins-1.1.1-py2.py3-none-any.whl", hash = "sha256:5d262006d3222f5057fd81e1623d4443e41dcda5dc815c06b442aa3c02889fc8", size = 7497, upload-time = "2019-04-04T04:27:03.36Z" },
]

[[package]]
name = "click-repl"
version = "0.3.0"
source = { registry = "https://pypi.org/simple" }
dependencies = [
    { name = "click" },
    { name = "prompt-toolkit" },
]
sdist = { url = "https://files.pythonhosted.org/packages/cb/a2/57f4ac79838cfae6912f997b4d1a64a858fb0c86d7fcaae6f7b58d267fca/click-repl-0.3.0.tar.gz", hash = "sha256:17849c23dba3d667247dc4defe1757fff98694e90fe37474f3feebb69ced26a9", size = 10449, upload-time = "2023-06-15T12:43:51.141Z" }
wheels = [
    { url = "https://files.pythonhosted.org/packages/52/40/9d857001228658f0d59e97ebd4c346fe73e138c6de1bce61dc568a57c7f8/click_repl-0.3.0-py3-none-any.whl", hash = "sha256:fb7e06deb8da8de86180a33a9da97ac316751c094c6899382da7feeeeb51b812", size = 10289, upload-time = "2023-06-15T12:43:48.626Z" },
]

[[package]]
name = "colorama"
version = "0.4.6"
source = { registry = "https://pypi.org/simple" }
sdist = { url = "https://files.pythonhosted.org/packages/d8/53/6f443c9a4a8358a93a6792e2acffb9d9d5cb0a5cfd8802644b7b1c9a02e4/colorama-0.4.6.tar.gz", hash = "sha256:08695f5cb7ed6e0531a20572697297273c47b8cae5a63ffc6d6ed5c201be6e44", size = 27697, upload-time = "2022-10-25T02:36:22.414Z" }
wheels = [
    { url = "https://files.pythonhosted.org/packages/d1/d6/3965ed04c63042e047cb6a3e6ed1a63a35087b6a609aa3a15ed8ac56c221/colorama-0.4.6-py2.py3-none-any.whl", hash = "sha256:4f1d9991f5acc0ca119f9d443620b77f9d6b33703e51011c16baf57afb285fc6", size = 25335, upload-time = "2022-10-25T02:36:20.889Z" },
]

[[package]]
name = "django"
version = "4.2"
source = { registry = "https://pypi.org/simple" }
dependencies = [
    { name = "asgiref" },
    { name = "sqlparse" },
    { name = "tzdata", marker = "sys_platform == 'win32'" },
]
sdist = { url = "https://files.pythonhosted.org/packages/9a/bb/48aa3e0850923096dff2766d21a6004d6e1a3317f0bd400ba81f586754e1/Django-4.2.tar.gz", hash = "sha256:c36e2ab12824e2ac36afa8b2515a70c53c7742f0d6eaefa7311ec379558db997", size = 10415665, upload-time = "2023-04-03T08:36:16.829Z" }
wheels = [
    { url = "https://files.pythonhosted.org/packages/d9/40/6012f98b14b64b4d3dc47b0c2f116fccbd0795ab35515d0c40dac73b81b8/Django-4.2-py3-none-any.whl", hash = "sha256:ad33ed68db9398f5dfb33282704925bce044bef4261cd4fb59e4e7f9ae505a78", size = 7988617, upload-time = "2023-04-03T08:36:11.797Z" },
]

[[package]]
name = "django-cors-headers"
version = "3.14.0"
source = { registry = "https://pypi.org/simple" }
dependencies = [
    { name = "django" },
]
sdist = { url = "https://files.pythonhosted.org/packages/bc/f4/8b8c3d5e9a0aeea43576fbe623599052a7699abb54378ddb44adb1ef1ed3/django_cors_headers-3.14.0.tar.gz", hash = "sha256:5fbd58a6fb4119d975754b2bc090f35ec160a8373f276612c675b00e8a138739", size = 24892, upload-time = "2023-02-25T07:20:18.41Z" }
wheels = [
    { url = "https://files.pythonhosted.org/packages/45/f1/972b3a183192841b811e4b7496de0a31c09ae1d83a5391743c8ae0cbd86e/django_cors_headers-3.14.0-py3-none-any.whl", hash = "sha256:684180013cc7277bdd8702b80a3c5a4b3fcae4abb2bf134dceb9f5dfe300228e", size = 13187, upload-time = "2023-02-25T07:20:16.376Z" },
]

[[package]]
name = "djangorestframework"
version = "3.14.0"
source = { registry = "https://pypi.org/simple" }
dependencies = [
    { name = "django" },
    { name = "pytz" },
]
sdist = { url = "https://files.pythonhosted.org/packages/8e/53/5b2a002c5ebafd60dff1e1945a7d63dee40155830997439a9ba324f0fd50/djangorestframework-3.14.0.tar.gz", hash = "sha256:579a333e6256b09489cbe0a067e66abe55c6595d8926be6b99423786334350c8", size = 1055343, upload-time = "2022-09-22T11:38:44.245Z" }
wheels = [
    { url = "https://files.pythonhosted.org/packages/ff/4b/3b46c0914ba4b7546a758c35fdfa8e7f017fcbe7f23c878239e93623337a/djangorestframework-3.14.0-py3-none-any.whl", hash = "sha256:eb63f58c9f218e1a7d064d17a70751f528ed4e1d35547fdade9aaf4cd103fd08", size = 1062761, upload-time = "2022-09-22T11:38:41.825Z" },
]

[[package]]
name = "djangorestframework-simplejwt"
version = "5.5.0"
source = { registry = "https://pypi.org/simple" }
dependencies = [
    { name = "django" },
    { name = "djangorestframework" },
    { name = "pyjwt" },
]
sdist = { url = "https://files.pythonhosted.org/packages/db/1e/0d4439d0fa1d93599fbcfc56efdc02cbf012e3a4b4ef90c835e0a51017d4/djangorestframework_simplejwt-5.5.0.tar.gz", hash = "sha256:474a1b737067e6462b3609627a392d13a4da8a08b1f0574104ac6d7b1406f90e", size = 97946, upload-time = "2025-02-26T19:36:01.717Z" }
wheels = [
    { url = "https://files.pythonhosted.org/packages/42/b4/d1c1750aa7c8cc07e4974275f96b9b9b3a38e95ff734e14b4e97790c8974/djangorestframework_simplejwt-5.5.0-py3-none-any.whl", hash = "sha256:4ef6b38af20cdde4a4a51d1fd8e063cbbabb7b45f149cc885d38d905c5a62edb", size = 103480, upload-time = "2025-02-26T19:36:29.04Z" },
]

[[package]]
name = "kombu"
version = "5.5.3"
source = { registry = "https://pypi.org/simple" }
dependencies = [
    { name = "amqp" },
    { name = "tzdata" },
    { name = "vine" },
]
sdist = { url = "https://files.pythonhosted.org/packages/60/0a/128b65651ed8120460fc5af754241ad595eac74993115ec0de4f2d7bc459/kombu-5.5.3.tar.gz", hash = "sha256:021a0e11fcfcd9b0260ef1fb64088c0e92beb976eb59c1dfca7ddd4ad4562ea2", size = 461784, upload-time = "2025-04-16T12:46:17.014Z" }
wheels = [
    { url = "https://files.pythonhosted.org/packages/5d/35/1407fb0b2f5b07b50cbaf97fce09ad87d3bfefbf64f7171a8651cd8d2f68/kombu-5.5.3-py3-none-any.whl", hash = "sha256:5b0dbceb4edee50aa464f59469d34b97864be09111338cfb224a10b6a163909b", size = 209921, upload-time = "2025-04-16T12:46:15.139Z" },
]

[[package]]
name = "mysqlclient"
version = "2.1.1"
source = { registry = "https://pypi.org/simple" }
sdist = { url = "https://files.pythonhosted.org/packages/50/5f/eac919b88b9df39bbe4a855f136d58f80d191cfea34a3dcf96bf5d8ace0a/mysqlclient-2.1.1.tar.gz", hash = "sha256:828757e419fb11dd6c5ed2576ec92c3efaa93a0f7c39e263586d1ee779c3d782", size = 88138, upload-time = "2022-06-22T08:12:44.246Z" }
wheels = [
    { url = "https://files.pythonhosted.org/packages/9c/4b/ea487008d89731bcb80df55be2ed89c18dce927fd033ec4353d408d789ef/mysqlclient-2.1.1-cp310-cp310-win_amd64.whl", hash = "sha256:c1ed71bd6244993b526113cca3df66428609f90e4652f37eb51c33496d478b37", size = 178444, upload-time = "2022-06-22T08:12:35.112Z" },
    { url = "https://files.pythonhosted.org/packages/61/a5/92b4df8cf63b192a0eaf93a17b81639bbdc6e0a50ac330aabc771ca0444f/mysqlclient-2.1.1-cp311-cp311-win_amd64.whl", hash = "sha256:c812b67e90082a840efb82a8978369e6e69fc62ce1bda4ca8f3084a9d862308b", size = 178441, upload-time = "2022-06-22T08:12:36.62Z" },
]

[[package]]
name = "pillow"
version = "10.0.0"
source = { registry = "https://pypi.org/simple" }
sdist = { url = "https://files.pythonhosted.org/packages/0f/8b/2ebaf9adcf4260c00f842154865f8730cf745906aa5dd499141fb6063e26/Pillow-10.0.0.tar.gz", hash = "sha256:9c82b5b3e043c7af0d95792d0d20ccf68f61a1fec6b3530e718b688422727396", size = 50527522, upload-time = "2023-07-01T14:59:45.775Z" }
wheels = [
    { url = "https://files.pythonhosted.org/packages/73/26/75fd7c1adc40bbdcbebc1adc120388d581e1d98a106257369a9bf8c44865/Pillow-10.0.0-cp310-cp310-macosx_10_10_x86_64.whl", hash = "sha256:1f62406a884ae75fb2f818694469519fb685cc7eaff05d3451a9ebe55c646891", size = 3398696, upload-time = "2023-07-01T14:56:18.752Z" },
    { url = "https://files.pythonhosted.org/packages/ef/53/024e161112beb11008d6c7529c954e2ec641ae17b99e03fe9a539e114ae6/Pillow-10.0.0-cp310-cp310-macosx_11_0_arm64.whl", hash = "sha256:d5db32e2a6ccbb3d34d87c87b432959e0db29755727afb37290e10f6e8e62614", size = 3111904, upload-time = "2023-07-01T14:56:22.474Z" },
    { url = "https://files.pythonhosted.org/packages/23/08/bbd0a562bafe23b4c36d25072c89b8c31815f350a169016ede2644784ed6/Pillow-10.0.0-cp310-cp310-manylinux_2_17_aarch64.manylinux2014_aarch64.whl", hash = "sha256:edf4392b77bdc81f36e92d3a07a5cd072f90253197f4a52a55a8cec48a12483b", size = 3117233, upload-time = "2023-07-01T14:56:25.743Z" },
    { url = "https://files.pythonhosted.org/packages/7b/c9/08de9a629ce7cdeaea0ddca716e9efcd1844b2650f5b9dd8ec5609e40ffe/Pillow-10.0.0-cp310-cp310-manylinux_2_17_x86_64.manylinux2014_x86_64.whl", hash = "sha256:520f2a520dc040512699f20fa1c363eed506e94248d71f85412b625026f6142c", size = 3314487, upload-time = "2023-07-01T14:56:30.023Z" },
    { url = "https://files.pythonhosted.org/packages/ac/0c/7eeab446ab3acfb1ef0150308b663fa6f886d02f1d0fe66e7f67ffd6a844/Pillow-10.0.0-cp310-cp310-manylinux_2_28_aarch64.whl", hash = "sha256:8c11160913e3dd06c8ffdb5f233a4f254cb449f4dfc0f8f4549eda9e542c93d1", size = 3169197, upload-time = "2023-07-01T14:56:33.394Z" },
    { url = "https://files.pythonhosted.org/packages/3d/36/e78f09d510354977e10102dd811e928666021d9c451e05df962d56477772/Pillow-10.0.0-cp310-cp310-manylinux_2_28_x86_64.whl", hash = "sha256:a74ba0c356aaa3bb8e3eb79606a87669e7ec6444be352870623025d75a14a2bf", size = 3421015, upload-time = "2023-07-01T14:56:36.863Z" },
    { url = "https://files.pythonhosted.org/packages/f8/31/4cb552d54380f1d55a7c24db1c6fb8bb2370f57fc2fe31e11c1eb5f7e499/Pillow-10.0.0-cp310-cp310-musllinux_1_1_aarch64.whl", hash = "sha256:d5d0dae4cfd56969d23d94dc8e89fb6a217be461c69090768227beb8ed28c0a3", size = 3355236, upload-time = "2023-07-01T14:56:40.218Z" },
    { url = "https://files.pythonhosted.org/packages/60/34/c90bacb4a72ead5c78e4d8291e0d3bb88cc3def3c76f059e9a8502fc421e/Pillow-10.0.0-cp310-cp310-musllinux_1_1_x86_64.whl", hash = "sha256:22c10cc517668d44b211717fd9775799ccec4124b9a7f7b3635fc5386e584992", size = 3420276, upload-time = "2023-07-01T14:56:43.692Z" },
    { url = "https://files.pythonhosted.org/packages/d0/4f/faebe1180e5e6ad6330c539dda7f6081182157393ba6816a438f759a0e59/Pillow-10.0.0-cp310-cp310-win_amd64.whl", hash = "sha256:dffe31a7f47b603318c609f378ebcd57f1554a3a6a8effbc59c3c69f804296de", size = 2513088, upload-time = "2023-07-01T14:56:46.764Z" },
    { url = "https://files.pythonhosted.org/packages/7a/54/f6a14d95cba8ff082c550d836c9e5c23f1641d2ac291c23efe0494219b8c/Pillow-10.0.0-cp311-cp311-macosx_10_10_x86_64.whl", hash = "sha256:9fb218c8a12e51d7ead2a7c9e101a04982237d4855716af2e9499306728fb485", size = 3398781, upload-time = "2023-07-01T14:56:50.146Z" },
    { url = "https://files.pythonhosted.org/packages/b7/ad/71982d18fd28ed1f93c31b8648f980ebdbdbcf7d8c9c9b4af59290914ce9/Pillow-10.0.0-cp311-cp311-macosx_11_0_arm64.whl", hash = "sha256:d35e3c8d9b1268cbf5d3670285feb3528f6680420eafe35cccc686b73c1e330f", size = 3111873, upload-time = "2023-07-01T14:56:53.587Z" },
    { url = "https://files.pythonhosted.org/packages/45/5c/04224bf1a8247d6bbba375248d74668724a5a9879b4c42c23dfadd0c28ae/Pillow-10.0.0-cp311-cp311-manylinux_2_17_aarch64.manylinux2014_aarch64.whl", hash = "sha256:3ed64f9ca2f0a95411e88a4efbd7a29e5ce2cea36072c53dd9d26d9c76f753b3", size = 3117246, upload-time = "2023-07-01T14:56:56.965Z" },
    { url = "https://files.pythonhosted.org/packages/45/de/b07418f00cd78af292ceb4e2855c158ef8477dc1cbcdac3e1f32eb4e53b6/Pillow-10.0.0-cp311-cp311-manylinux_2_17_x86_64.manylinux2014_x86_64.whl", hash = "sha256:0b6eb5502f45a60a3f411c63187db83a3d3107887ad0d036c13ce836f8a36f1d", size = 3314475, upload-time = "2023-07-01T14:57:00.759Z" },
    { url = "https://files.pythonhosted.org/packages/79/53/3a7277ae95bfe86b8b4db0ed1d08c4924aa2dfbfe51b8fe0e310b160a9c6/Pillow-10.0.0-cp311-cp311-manylinux_2_28_aarch64.whl", hash = "sha256:c1fbe7621c167ecaa38ad29643d77a9ce7311583761abf7836e1510c580bf3dd", size = 3169201, upload-time = "2023-07-01T14:57:04.048Z" },
    { url = "https://files.pythonhosted.org/packages/16/89/818fa238e37a47a29bb8495ca2cafdd514599a89f19ada7916348a74b5f9/Pillow-10.0.0-cp311-cp311-manylinux_2_28_x86_64.whl", hash = "sha256:cd25d2a9d2b36fcb318882481367956d2cf91329f6892fe5d385c346c0649629", size = 3421012, upload-time = "2023-07-01T14:57:08.122Z" },
    { url = "https://files.pythonhosted.org/packages/72/17/6c1e6b0f78d21838844318057b7a939ab8a8d92deeb51d22563202b2db64/Pillow-10.0.0-cp311-cp311-musllinux_1_1_aarch64.whl", hash = "sha256:3b08d4cc24f471b2c8ca24ec060abf4bebc6b144cb89cba638c720546b1cf538", size = 3355277, upload-time = "2023-07-01T14:57:11.512Z" },
    { url = "https://files.pythonhosted.org/packages/40/58/0a62422b3cf188dac72fe6c54b6f3f372ec2e84043eb4f8d2158626992b7/Pillow-10.0.0-cp311-cp311-musllinux_1_1_x86_64.whl", hash = "sha256:d737a602fbd82afd892ca746392401b634e278cb65d55c4b7a8f48e9ef8d008d", size = 3420294, upload-time = "2023-07-01T14:57:14.923Z" },
    { url = "https://files.pythonhosted.org/packages/66/d4/054e491f0880bf0119ee79cdc03264e01d5732e06c454da8c69b83a7c8f2/Pillow-10.0.0-cp311-cp311-win_amd64.whl", hash = "sha256:3a82c40d706d9aa9734289740ce26460a11aeec2d9c79b7af87bb35f0073c12f", size = 2513082, upload-time = "2023-07-01T14:57:17.644Z" },
    { url = "https://files.pythonhosted.org/packages/6a/33/c278084a811d7a7a17c8dd14cb261248fdd0265263760fb753a5a719241e/Pillow-10.0.0-cp311-cp311-win_arm64.whl", hash = "sha256:bc2ec7c7b5d66b8ec9ce9f720dbb5fa4bace0f545acd34870eff4a369b44bf37", size = 2501798, upload-time = "2023-07-08T21:48:46.81Z" },
    { url = "https://files.pythonhosted.org/packages/9c/e8/59271ada18cec229d4a79475a45a9e64367e54e5d1f488b030af63805960/Pillow-10.0.0-cp312-cp312-macosx_10_10_x86_64.whl", hash = "sha256:d80cf684b541685fccdd84c485b31ce73fc5c9b5d7523bf1394ce134a60c6883", size = 3398485, upload-time = "2023-07-01T14:57:20.946Z" },
    { url = "https://files.pythonhosted.org/packages/f0/7f/ff6ce4360dccfacc3af3462cfcd2d7481a1cc8d6aa712927072016dd6755/Pillow-10.0.0-cp312-cp312-macosx_11_0_arm64.whl", hash = "sha256:76de421f9c326da8f43d690110f0e79fe3ad1e54be811545d7d91898b4c8493e", size = 3111012, upload-time = "2023-07-01T14:57:24.146Z" },
    { url = "https://files.pythonhosted.org/packages/2e/a4/06f84d3fe7aa9558d2b80d8d4960fe07071a53e8d3ccac8b079905003048/Pillow-10.0.0-cp312-cp312-manylinux_2_17_aarch64.manylinux2014_aarch64.whl", hash = "sha256:81ff539a12457809666fef6624684c008e00ff6bf455b4b89fd00a140eecd640", size = 3117406, upload-time = "2023-07-01T14:57:27.165Z" },
    { url = "https://files.pythonhosted.org/packages/a8/7b/f8ed885d18096930991bbaac729024435e0343a3c81062811cf865205a79/Pillow-10.0.0-cp312-cp312-manylinux_2_17_x86_64.manylinux2014_x86_64.whl", hash = "sha256:ce543ed15570eedbb85df19b0a1a7314a9c8141a36ce089c0a894adbfccb4568", size = 3315095, upload-time = "2023-07-01T14:57:30.738Z" },
    { url = "https://files.pythonhosted.org/packages/54/2e/04bae205c5bf3ff7e58735b73a1d3943d0e33e0f7ca8637aa30a2acd06d0/Pillow-10.0.0-cp312-cp312-manylinux_2_28_aarch64.whl", hash = "sha256:685ac03cc4ed5ebc15ad5c23bc555d68a87777586d970c2c3e216619a5476223", size = 3169235, upload-time = "2023-07-01T14:57:34.295Z" },
    { url = "https://files.pythonhosted.org/packages/5f/82/39a266a0626d2c0dd4ee341639fe7749268fc871429b90006eeb1583f24b/Pillow-10.0.0-cp312-cp312-manylinux_2_28_x86_64.whl", hash = "sha256:d72e2ecc68a942e8cf9739619b7f408cc7b272b279b56b2c83c6123fcfa5cdff", size = 3421158, upload-time = "2023-07-01T14:57:37.802Z" },
    { url = "https://files.pythonhosted.org/packages/4d/61/eba2506ce68706ccb7d485cee968e35fa9ee797d77520760acf41a65f281/Pillow-10.0.0-cp312-cp312-musllinux_1_1_aarch64.whl", hash = "sha256:d50b6aec14bc737742ca96e85d6d0a5f9bfbded018264b3b70ff9d8c33485551", size = 3355694, upload-time = "2023-07-01T14:57:41.092Z" },
    { url = "https://files.pythonhosted.org/packages/0f/0b/0f37aac8432fb91e9f7eec96a29afb354f172e593d2d6d8201e544f49b55/Pillow-10.0.0-cp312-cp312-musllinux_1_1_x86_64.whl", hash = "sha256:00e65f5e822decd501e374b0650146063fbb30a7264b4d2744bdd7b913e0cab5", size = 3421380, upload-time = "2023-07-01T14:57:44.593Z" },
    { url = "https://files.pythonhosted.org/packages/e7/af/06fa67e8c8c4ead837f6a4025b6605f4cb8ec0fcbff1e4c697712fabf9f9/Pillow-10.0.0-cp312-cp312-win_amd64.whl", hash = "sha256:f31f9fdbfecb042d046f9d91270a0ba28368a723302786c0009ee9b9f1f60199", size = 2513485, upload-time = "2023-07-01T14:57:47.838Z" },
    { url = "https://files.pythonhosted.org/packages/83/c0/aaa4f7f9f0ed854d8b519739392ed17ee1aaaa352fd037646e97634a6bdb/Pillow-10.0.0-cp312-cp312-win_arm64.whl", hash = "sha256:1ce91b6ec08d866b14413d3f0bbdea7e24dfdc8e59f562bb77bc3fe60b6144ca", size = 2502324, upload-time = "2023-07-08T21:48:50.371Z" },
    { url = "https://files.pythonhosted.org/packages/78/b9/e5bc84e6ed714c7f0ec0dfe3f82c050c16126294e3d078fe155f10bd5971/Pillow-10.0.0-pp310-pypy310_pp73-macosx_10_10_x86_64.whl", hash = "sha256:92be919bbc9f7d09f7ae343c38f5bb21c973d2576c1d45600fce4b74bafa7ac0", size = 3353092, upload-time = "2023-07-01T14:58:55.2Z" },
    { url = "https://files.pythonhosted.org/packages/ef/0f/eea2ed37a53e816c8ed392a031468498687585c8d62ca89deeb687c0e89c/Pillow-10.0.0-pp310-pypy310_pp73-manylinux_2_17_x86_64.manylinux2014_x86_64.whl", hash = "sha256:8f8182b523b2289f7c415f589118228d30ac8c355baa2f3194ced084dac2dbba", size = 3228084, upload-time = "2023-07-01T14:58:58.599Z" },
    { url = "https://files.pythonhosted.org/packages/12/2e/7f20311309d03ccfefc3df6c00524d996d15a18319b46953ac8ee158b5a9/Pillow-10.0.0-pp310-pypy310_pp73-manylinux_2_28_x86_64.whl", hash = "sha256:38250a349b6b390ee6047a62c086d3817ac69022c127f8a5dc058c31ccef17f3", size = 3303031, upload-time = "2023-07-01T14:59:01.827Z" },
    { url = "https://files.pythonhosted.org/packages/a8/df/f52e3621148bb35d06c8f6a113ee949169388a2a3095550314fa6b6809f5/Pillow-10.0.0-pp310-pypy310_pp73-win_amd64.whl", hash = "sha256:88af2003543cc40c80f6fca01411892ec52b11021b3dc22ec3bc9d5afd1c5334", size = 2513263, upload-time = "2023-07-01T14:59:04.804Z" },
]

[[package]]
name = "prompt-toolkit"
version = "3.0.51"
source = { registry = "https://pypi.org/simple" }
dependencies = [
    { name = "wcwidth" },
]
sdist = { url = "https://files.pythonhosted.org/packages/bb/6e/9d084c929dfe9e3bfe0c6a47e31f78a25c54627d64a66e884a8bf5474f1c/prompt_toolkit-3.0.51.tar.gz", hash = "sha256:931a162e3b27fc90c86f1b48bb1fb2c528c2761475e57c9c06de13311c7b54ed", size = 428940, upload-time = "2025-04-15T09:18:47.731Z" }
wheels = [
    { url = "https://files.pythonhosted.org/packages/ce/4f/5249960887b1fbe561d9ff265496d170b55a735b76724f10ef19f9e40716/prompt_toolkit-3.0.51-py3-none-any.whl", hash = "sha256:52742911fde84e2d423e2f9a4cf1de7d7ac4e51958f648d9540e0fb8db077b07", size = 387810, upload-time = "2025-04-15T09:18:44.753Z" },
]

[[package]]
name = "pyjwt"
version = "2.9.0"
source = { registry = "https://pypi.org/simple" }
sdist = { url = "https://files.pythonhosted.org/packages/fb/68/ce067f09fca4abeca8771fe667d89cc347d1e99da3e093112ac329c6020e/pyjwt-2.9.0.tar.gz", hash = "sha256:7e1e5b56cc735432a7369cbfa0efe50fa113ebecdc04ae6922deba8b84582d0c", size = 78825, upload-time = "2024-08-01T15:01:08.445Z" }
wheels = [
    { url = "https://files.pythonhosted.org/packages/79/84/0fdf9b18ba31d69877bd39c9cd6052b47f3761e9910c15de788e519f079f/PyJWT-2.9.0-py3-none-any.whl", hash = "sha256:3b02fb0f44517787776cf48f2ae25d8e14f300e6d7545a4315cee571a415e850", size = 22344, upload-time = "2024-08-01T15:01:06.481Z" },
]

[[package]]
name = "python-dateutil"
version = "2.9.0.post0"
source = { registry = "https://pypi.org/simple" }
dependencies = [
    { name = "six" },
]
sdist = { url = "https://files.pythonhosted.org/packages/66/c0/0c8b6ad9f17a802ee498c46e004a0eb49bc148f2fd230864601a86dcf6db/python-dateutil-2.9.0.post0.tar.gz", hash = "sha256:37dd54208da7e1cd875388217d5e00ebd4179249f90fb72437e91a35459a0ad3", size = 342432, upload-time = "2024-03-01T18:36:20.211Z" }
wheels = [
    { url = "https://files.pythonhosted.org/packages/ec/57/56b9bcc3c9c6a792fcbaf139543cee77261f3651ca9da0c93f5c1221264b/python_dateutil-2.9.0.post0-py2.py3-none-any.whl", hash = "sha256:a8b2bc7bffae282281c8140a97d3aa9c14da0b136dfe83f850eea9a5f7470427", size = 229892, upload-time = "2024-03-01T18:36:18.57Z" },
]

[[package]]
name = "pytz"
version = "2025.2"
source = { registry = "https://pypi.org/simple" }
sdist = { url = "https://files.pythonhosted.org/packages/f8/bf/abbd3cdfb8fbc7fb3d4d38d320f2441b1e7cbe29be4f23797b4a2b5d8aac/pytz-2025.2.tar.gz", hash = "sha256:360b9e3dbb49a209c21ad61809c7fb453643e048b38924c765813546746e81c3", size = 320884, upload-time = "2025-03-25T02:25:00.538Z" }
wheels = [
    { url = "https://files.pythonhosted.org/packages/81/c4/34e93fe5f5429d7570ec1fa436f1986fb1f00c3e0f43a589fe2bbcd22c3f/pytz-2025.2-py2.py3-none-any.whl", hash = "sha256:5ddf76296dd8c44c26eb8f4b6f35488f3ccbf6fbbd7adee0b7262d43f0ec2f00", size = 509225, upload-time = "2025-03-25T02:24:58.468Z" },
]

[[package]]
name = "six"
version = "1.17.0"
source = { registry = "https://pypi.org/simple" }
sdist = { url = "https://files.pythonhosted.org/packages/94/e7/b2c673351809dca68a0e064b6af791aa332cf192da575fd474ed7d6f16a2/six-1.17.0.tar.gz", hash = "sha256:ff70335d468e7eb6ec65b95b99d3a2836546063f63acc5171de367e834932a81", size = 34031, upload-time = "2024-12-04T17:35:28.174Z" }
wheels = [
    { url = "https://files.pythonhosted.org/packages/b7/ce/149a00dd41f10bc29e5921b496af8b574d8413afcd5e30dfa0ed46c2cc5e/six-1.17.0-py2.py3-none-any.whl", hash = "sha256:4721f391ed90541fddacab5acf947aa0d3dc7d27b2e1e8eda2be8970586c3274", size = 11050, upload-time = "2024-12-04T17:35:26.475Z" },
]

[[package]]
name = "sqlparse"
version = "0.5.3"
source = { registry = "https://pypi.org/simple" }
sdist = { url = "https://files.pythonhosted.org/packages/e5/40/edede8dd6977b0d3da179a342c198ed100dd2aba4be081861ee5911e4da4/sqlparse-0.5.3.tar.gz", hash = "sha256:09f67787f56a0b16ecdbde1bfc7f5d9c3371ca683cfeaa8e6ff60b4807ec9272", size = 84999, upload-time = "2024-12-10T12:05:30.728Z" }
wheels = [
    { url = "https://files.pythonhosted.org/packages/a9/5c/bfd6bd0bf979426d405cc6e71eceb8701b148b16c21d2dc3c261efc61c7b/sqlparse-0.5.3-py3-none-any.whl", hash = "sha256:cf2196ed3418f3ba5de6af7e82c694a9fbdbfecccdfc72e281548517081f16ca", size = 44415, upload-time = "2024-12-10T12:05:27.824Z" },
]

[[package]]
name = "tzdata"
version = "2025.2"
source = { registry = "https://pypi.org/simple" }
sdist = { url = "https://files.pythonhosted.org/packages/95/32/1a225d6164441be760d75c2c42e2780dc0873fe382da3e98a2e1e48361e5/tzdata-2025.2.tar.gz", hash = "sha256:b60a638fcc0daffadf82fe0f57e53d06bdec2f36c4df66280ae79bce6bd6f2b9", size = 196380, upload-time = "2025-03-23T13:54:43.652Z" }
wheels = [
    { url = "https://files.pythonhosted.org/packages/5c/23/c7abc0ca0a1526a0774eca151daeb8de62ec457e77262b66b359c3c7679e/tzdata-2025.2-py2.py3-none-any.whl", hash = "sha256:1a403fada01ff9221ca8044d701868fa132215d84beb92242d9acd2147f667a8", size = 347839, upload-time = "2025-03-23T13:54:41.845Z" },
]

[[package]]
name = "vine"
version = "5.1.0"
source = { registry = "https://pypi.org/simple" }
sdist = { url = "https://files.pythonhosted.org/packages/bd/e4/d07b5f29d283596b9727dd5275ccbceb63c44a1a82aa9e4bfd20426762ac/vine-5.1.0.tar.gz", hash = "sha256:8b62e981d35c41049211cf62a0a1242d8c1ee9bd15bb196ce38aefd6799e61e0", size = 48980, upload-time = "2023-11-05T08:46:53.857Z" }
wheels = [
    { url = "https://files.pythonhosted.org/packages/03/ff/7c0c86c43b3cbb927e0ccc0255cb4057ceba4799cd44ae95174ce8e8b5b2/vine-5.1.0-py3-none-any.whl", hash = "sha256:40fdf3c48b2cfe1c38a49e9ae2da6fda88e4794c810050a728bd7413811fb1dc", size = 9636, upload-time = "2023-11-05T08:46:51.205Z" },
]

[[package]]
name = "wcwidth"
version = "0.2.13"
source = { registry = "https://pypi.org/simple" }
sdist = { url = "https://files.pythonhosted.org/packages/6c/63/53559446a878410fc5a5974feb13d31d78d752eb18aeba59c7fef1af7598/wcwidth-0.2.13.tar.gz", hash = "sha256:72ea0c06399eb286d978fdedb6923a9eb47e1c486ce63e9b4e64fc18303972b5", size = 101301, upload-time = "2024-01-06T02:10:57.829Z" }
wheels = [
    { url = "https://files.pythonhosted.org/packages/fd/84/fd2ba7aafacbad3c4201d395674fc6348826569da3c0937e75505ead3528/wcwidth-0.2.13-py2.py3-none-any.whl", hash = "sha256:3da69048e4540d84af32131829ff948f1e022c1c6bdb8d6102117aac784f6859", size = 34166, upload-time = "2024-01-06T02:10:55.763Z" },
]
